
Microsoft Visual Studio Solution File, Format Version 12.00
# Visual Studio Version 16
VisualStudioVersion = 16.0.30907.101
MinimumVisualStudioVersion = 10.0.40219.1
Project("{FAE04EC0-301F-11D3-BF4B-00C04F79EFBC}") = "GEO Json to MySQL Converter", "GEO Json to MySQL Converter\GEO Json to MySQL Converter.csproj", "{8C3AA163-D4CB-4BBF-91BA-6F96AD81E2A6}"
EndProject
Global
	GlobalSection(SolutionConfigurationPlatforms) = preSolution
		Debug|Any CPU = Debug|Any CPU
		Release|Any CPU = Release|Any CPU
	EndGlobalSection
	GlobalSection(ProjectConfigurationPlatforms) = postSolution
		{8C3AA163-D4CB-4BBF-91BA-6F96AD81E2A6}.Debug|Any CPU.ActiveCfg = Debug|Any CPU
		{8C3AA163-D4CB-4BBF-91BA-6F96AD81E2A6}.Debug|Any CPU.Build.0 = Debug|Any CPU
		{8C3AA163-D4CB-4BBF-91BA-6F96AD81E2A6}.Release|Any CPU.ActiveCfg = Release|Any CPU
		{8C3AA163-D4CB-4BBF-91BA-6F96AD81E2A6}.Release|Any CPU.Build.0 = Release|Any CPU
	EndGlobalSection
	GlobalSection(SolutionProperties) = preSolution
		HideSolutionNode = FALSE
	EndGlobalSection
	GlobalSection(ExtensibilityGlobals) = postSolution
		SolutionGuid = {FBDC0F6C-8D27-4A9A-BC08-86123B642C8D}
	EndGlobalSection
EndGlobal
